// !$*UTF8*$!
{
	archiveVersion = 1;
	classes = {
	};
	objectVersion = 46;
	objects = {

/* Begin PBXBuildFile section */
		200F38621E24B48F00911358 /* AppDelegate.mm in Sources */ = {isa = PBXBuildFile; fileRef = 200F38611E24B48F00911358 /* AppDelegate.mm */; };
		200F38651E24B48F00911358 /* main.m in Sources */ = {isa = PBXBuildFile; fileRef = 200F38641E24B48F00911358 /* main.m */; };
		200F38671E24B48F00911358 /* Assets.xcassets in Resources */ = {isa = PBXBuildFile; fileRef = 200F38661E24B48F00911358 /* Assets.xcassets */; };
		200F386A1E24B48F00911358 /* MainMenu.xib in Resources */ = {isa = PBXBuildFile; fileRef = 200F38681E24B48F00911358 /* MainMenu.xib */; };
		DE8F47741EA0BA4F009F1B9B /* slsdk.framework in Frameworks */ = {isa = PBXBuildFile; fileRef = DE8F47721EA0BA07009F1B9B /* slsdk.framework */; settings = {ATTRIBUTES = (Weak, ); }; };
		DE8F47761EA0BA60009F1B9B /* slsdk.framework in CopyFiles */ = {isa = PBXBuildFile; fileRef = DE8F47721EA0BA07009F1B9B /* slsdk.framework */; settings = {ATTRIBUTES = (RemoveHeadersOnCopy, ); }; };
		DEA7B0A61F1CE3A700079FD1 /* BrigeDataModel.m in Sources */ = {isa = PBXBuildFile; fileRef = DEA7B0331F1CE3A600079FD1 /* BrigeDataModel.m */; };
		DEA7B0A71F1CE3A700079FD1 /* BrigeModel.m in Sources */ = {isa = PBXBuildFile; fileRef = DEA7B0351F1CE3A600079FD1 /* BrigeModel.m */; };
		DEA7B0A81F1CE3A700079FD1 /* MyWebSocket.m in Sources */ = {isa = PBXBuildFile; fileRef = DEA7B0371F1CE3A600079FD1 /* MyWebSocket.m */; };
		DEA7B0A91F1CE3A700079FD1 /* CLIColor.m in Sources */ = {isa = PBXBuildFile; fileRef = DEA7B03C1F1CE3A600079FD1 /* CLIColor.m */; };
		DEA7B0AA1F1CE3A700079FD1 /* DDAbstractDatabaseLogger.m in Sources */ = {isa = PBXBuildFile; fileRef = DEA7B03F1F1CE3A600079FD1 /* DDAbstractDatabaseLogger.m */; };
		DEA7B0AB1F1CE3A700079FD1 /* DDASLLogCapture.m in Sources */ = {isa = PBXBuildFile; fileRef = DEA7B0411F1CE3A600079FD1 /* DDASLLogCapture.m */; };
		DEA7B0AC1F1CE3A700079FD1 /* DDASLLogger.m in Sources */ = {isa = PBXBuildFile; fileRef = DEA7B0431F1CE3A600079FD1 /* DDASLLogger.m */; };
		DEA7B0AD1F1CE3A700079FD1 /* DDFileLogger.m in Sources */ = {isa = PBXBuildFile; fileRef = DEA7B0461F1CE3A600079FD1 /* DDFileLogger.m */; };
		DEA7B0AE1F1CE3A700079FD1 /* DDLog.m in Sources */ = {isa = PBXBuildFile; fileRef = DEA7B04A1F1CE3A600079FD1 /* DDLog.m */; };
		DEA7B0AF1F1CE3A700079FD1 /* DDOSLogger.m in Sources */ = {isa = PBXBuildFile; fileRef = DEA7B04D1F1CE3A600079FD1 /* DDOSLogger.m */; };
		DEA7B0B01F1CE3A700079FD1 /* DDTTYLogger.m in Sources */ = {isa = PBXBuildFile; fileRef = DEA7B04F1F1CE3A600079FD1 /* DDTTYLogger.m */; };
		DEA7B0B11F1CE3A700079FD1 /* DDContextFilterLogFormatter.m in Sources */ = {isa = PBXBuildFile; fileRef = DEA7B0521F1CE3A600079FD1 /* DDContextFilterLogFormatter.m */; };
		DEA7B0B21F1CE3A700079FD1 /* DDDispatchQueueLogFormatter.m in Sources */ = {isa = PBXBuildFile; fileRef = DEA7B0541F1CE3A600079FD1 /* DDDispatchQueueLogFormatter.m */; };
		DEA7B0B31F1CE3A700079FD1 /* DDMultiFormatter.m in Sources */ = {isa = PBXBuildFile; fileRef = DEA7B0561F1CE3A600079FD1 /* DDMultiFormatter.m */; };
		DEA7B0B41F1CE3A700079FD1 /* DDData.m in Sources */ = {isa = PBXBuildFile; fileRef = DEA7B05A1F1CE3A700079FD1 /* DDData.m */; };
		DEA7B0B51F1CE3A700079FD1 /* DDNumber.m in Sources */ = {isa = PBXBuildFile; fileRef = DEA7B05C1F1CE3A700079FD1 /* DDNumber.m */; };
		DEA7B0B61F1CE3A700079FD1 /* DDRange.m in Sources */ = {isa = PBXBuildFile; fileRef = DEA7B05E1F1CE3A700079FD1 /* DDRange.m */; };
		DEA7B0B71F1CE3A700079FD1 /* HTTPAuthenticationRequest.m in Sources */ = {isa = PBXBuildFile; fileRef = DEA7B0601F1CE3A700079FD1 /* HTTPAuthenticationRequest.m */; };
		DEA7B0B81F1CE3A700079FD1 /* HTTPConnection.m in Sources */ = {isa = PBXBuildFile; fileRef = DEA7B0621F1CE3A700079FD1 /* HTTPConnection.m */; };
		DEA7B0B91F1CE3A700079FD1 /* HTTPMessage.m in Sources */ = {isa = PBXBuildFile; fileRef = DEA7B0651F1CE3A700079FD1 /* HTTPMessage.m */; };
		DEA7B0BA1F1CE3A700079FD1 /* HTTPServer.m in Sources */ = {isa = PBXBuildFile; fileRef = DEA7B0681F1CE3A700079FD1 /* HTTPServer.m */; };
		DEA7B0BB1F1CE3A700079FD1 /* MultipartFormDataParser.m in Sources */ = {isa = PBXBuildFile; fileRef = DEA7B06B1F1CE3A700079FD1 /* MultipartFormDataParser.m */; };
		DEA7B0BC1F1CE3A700079FD1 /* MultipartMessageHeader.m in Sources */ = {isa = PBXBuildFile; fileRef = DEA7B06D1F1CE3A700079FD1 /* MultipartMessageHeader.m */; };
		DEA7B0BD1F1CE3A700079FD1 /* MultipartMessageHeaderField.m in Sources */ = {isa = PBXBuildFile; fileRef = DEA7B06F1F1CE3A700079FD1 /* MultipartMessageHeaderField.m */; };
		DEA7B0BE1F1CE3A700079FD1 /* HTTPAsyncFileResponse.m in Sources */ = {isa = PBXBuildFile; fileRef = DEA7B0721F1CE3A700079FD1 /* HTTPAsyncFileResponse.m */; };
		DEA7B0BF1F1CE3A700079FD1 /* HTTPDataResponse.m in Sources */ = {isa = PBXBuildFile; fileRef = DEA7B0741F1CE3A700079FD1 /* HTTPDataResponse.m */; };
		DEA7B0C01F1CE3A700079FD1 /* HTTPDynamicFileResponse.m in Sources */ = {isa = PBXBuildFile; fileRef = DEA7B0761F1CE3A700079FD1 /* HTTPDynamicFileResponse.m */; };
		DEA7B0C11F1CE3A700079FD1 /* HTTPErrorResponse.m in Sources */ = {isa = PBXBuildFile; fileRef = DEA7B0781F1CE3A700079FD1 /* HTTPErrorResponse.m */; };
		DEA7B0C21F1CE3A700079FD1 /* HTTPFileResponse.m in Sources */ = {isa = PBXBuildFile; fileRef = DEA7B07A1F1CE3A700079FD1 /* HTTPFileResponse.m */; };
		DEA7B0C31F1CE3A700079FD1 /* HTTPRedirectResponse.m in Sources */ = {isa = PBXBuildFile; fileRef = DEA7B07C1F1CE3A700079FD1 /* HTTPRedirectResponse.m */; };
		DEA7B0C41F1CE3A700079FD1 /* WebSocket.m in Sources */ = {isa = PBXBuildFile; fileRef = DEA7B07E1F1CE3A700079FD1 /* WebSocket.m */; };
		DEA7B0C51F1CE3A700079FD1 /* Documentation.html in Resources */ = {isa = PBXBuildFile; fileRef = DEA7B0801F1CE3A700079FD1 /* Documentation.html */; };
		DEA7B0C61F1CE3A700079FD1 /* GCDAsyncSocket.m in Sources */ = {isa = PBXBuildFile; fileRef = DEA7B0821F1CE3A700079FD1 /* GCDAsyncSocket.m */; };
		DEA7B0C71F1CE3A700079FD1 /* GCDAsyncUdpSocket.m in Sources */ = {isa = PBXBuildFile; fileRef = DEA7B0841F1CE3A700079FD1 /* GCDAsyncUdpSocket.m */; };
		DEA7B0C81F1CE3A700079FD1 /* LICENSE in Resources */ = {isa = PBXBuildFile; fileRef = DEA7B0861F1CE3A700079FD1 /* LICENSE */; };
		DEA7B0C91F1CE3A700079FD1 /* MJDictionaryCache.m in Sources */ = {isa = PBXBuildFile; fileRef = DEA7B0891F1CE3A700079FD1 /* MJDictionaryCache.m */; };
		DEA7B0CA1F1CE3A700079FD1 /* MJExtensionConst.m in Sources */ = {isa = PBXBuildFile; fileRef = DEA7B08C1F1CE3A700079FD1 /* MJExtensionConst.m */; };
		DEA7B0CB1F1CE3A700079FD1 /* MJFoundation.m in Sources */ = {isa = PBXBuildFile; fileRef = DEA7B08E1F1CE3A700079FD1 /* MJFoundation.m */; };
		DEA7B0CC1F1CE3A700079FD1 /* MJProperty.m in Sources */ = {isa = PBXBuildFile; fileRef = DEA7B0901F1CE3A700079FD1 /* MJProperty.m */; };
		DEA7B0CD1F1CE3A700079FD1 /* MJPropertyKey.m in Sources */ = {isa = PBXBuildFile; fileRef = DEA7B0921F1CE3A700079FD1 /* MJPropertyKey.m */; };
		DEA7B0CE1F1CE3A700079FD1 /* MJPropertyType.m in Sources */ = {isa = PBXBuildFile; fileRef = DEA7B0941F1CE3A700079FD1 /* MJPropertyType.m */; };
		DEA7B0CF1F1CE3A700079FD1 /* NSObject+MJClass.m in Sources */ = {isa = PBXBuildFile; fileRef = DEA7B0961F1CE3A700079FD1 /* NSObject+MJClass.m */; };
		DEA7B0D01F1CE3A700079FD1 /* NSObject+MJCoding.m in Sources */ = {isa = PBXBuildFile; fileRef = DEA7B0981F1CE3A700079FD1 /* NSObject+MJCoding.m */; };
		DEA7B0D11F1CE3A700079FD1 /* NSObject+MJKeyValue.m in Sources */ = {isa = PBXBuildFile; fileRef = DEA7B09A1F1CE3A700079FD1 /* NSObject+MJKeyValue.m */; };
		DEA7B0D21F1CE3A700079FD1 /* NSObject+MJProperty.m in Sources */ = {isa = PBXBuildFile; fileRef = DEA7B09C1F1CE3A700079FD1 /* NSObject+MJProperty.m */; };
		DEA7B0D31F1CE3A700079FD1 /* NSString+MJExtension.m in Sources */ = {isa = PBXBuildFile; fileRef = DEA7B09E1F1CE3A700079FD1 /* NSString+MJExtension.m */; };
		DEA7B0D41F1CE3A700079FD1 /* MyHTTPConnection.m in Sources */ = {isa = PBXBuildFile; fileRef = DEA7B0A01F1CE3A700079FD1 /* MyHTTPConnection.m */; };
		DEA7B0D51F1CE3A700079FD1 /* README.markdown in Sources */ = {isa = PBXBuildFile; fileRef = DEA7B0A11F1CE3A700079FD1 /* README.markdown */; };
		DEA7B0D61F1CE3A700079FD1 /* index.html in Resources */ = {isa = PBXBuildFile; fileRef = DEA7B0A31F1CE3A700079FD1 /* index.html */; };
		DEA7B0D71F1CE3A700079FD1 /* WebSocketTest.js in Resources */ = {isa = PBXBuildFile; fileRef = DEA7B0A41F1CE3A700079FD1 /* WebSocketTest.js */; };
		DEA7B0D81F1CE3A700079FD1 /* WebSocketTest2.js in Resources */ = {isa = PBXBuildFile; fileRef = DEA7B0A51F1CE3A700079FD1 /* WebSocketTest2.js */; };
/* End PBXBuildFile section */

/* Begin PBXCopyFilesBuildPhase section */
		DE8F47751EA0BA56009F1B9B /* CopyFiles */ = {
			isa = PBXCopyFilesBuildPhase;
			buildActionMask = 2147483647;
			dstPath = "";
			dstSubfolderSpec = 10;
			files = (
				DE8F47761EA0BA60009F1B9B /* slsdk.framework in CopyFiles */,
			);
			runOnlyForDeploymentPostprocessing = 0;
		};
/* End PBXCopyFilesBuildPhase section */

/* Begin PBXFileReference section */
		200F385D1E24B48F00911358 /* sunloginsdk-client.app */ = {isa = PBXFileReference; explicitFileType = wrapper.application; includeInIndex = 0; path = "sunloginsdk-client.app"; sourceTree = BUILT_PRODUCTS_DIR; };
		200F38601E24B48F00911358 /* AppDelegate.h */ = {isa = PBXFileReference; lastKnownFileType = sourcecode.c.h; path = AppDelegate.h; sourceTree = "<group>"; };
		200F38611E24B48F00911358 /* AppDelegate.mm */ = {isa = PBXFileReference; lastKnownFileType = sourcecode.cpp.objcpp; path = AppDelegate.mm; sourceTree = "<group>"; };
		200F38641E24B48F00911358 /* main.m */ = {isa = PBXFileReference; lastKnownFileType = sourcecode.c.objc; path = main.m; sourceTree = "<group>"; };
		200F38661E24B48F00911358 /* Assets.xcassets */ = {isa = PBXFileReference; lastKnownFileType = folder.assetcatalog; path = Assets.xcassets; sourceTree = "<group>"; };
		200F38691E24B48F00911358 /* Base */ = {isa = PBXFileReference; lastKnownFileType = file.xib; name = Base; path = Base.lproj/MainMenu.xib; sourceTree = "<group>"; };
		200F386B1E24B48F00911358 /* Info.plist */ = {isa = PBXFileReference; lastKnownFileType = text.plist.xml; path = Info.plist; sourceTree = "<group>"; };
		DE8F47721EA0BA07009F1B9B /* slsdk.framework */ = {isa = PBXFileReference; lastKnownFileType = wrapper.framework; name = slsdk.framework; path = ../framework/slsdk.framework; sourceTree = "<group>"; };
		DEA7B0321F1CE3A600079FD1 /* BrigeDataModel.h */ = {isa = PBXFileReference; fileEncoding = 4; lastKnownFileType = sourcecode.c.h; path = BrigeDataModel.h; sourceTree = "<group>"; };
		DEA7B0331F1CE3A600079FD1 /* BrigeDataModel.m */ = {isa = PBXFileReference; fileEncoding = 4; lastKnownFileType = sourcecode.c.objc; path = BrigeDataModel.m; sourceTree = "<group>"; };
		DEA7B0341F1CE3A600079FD1 /* BrigeModel.h */ = {isa = PBXFileReference; fileEncoding = 4; lastKnownFileType = sourcecode.c.h; path = BrigeModel.h; sourceTree = "<group>"; };
		DEA7B0351F1CE3A600079FD1 /* BrigeModel.m */ = {isa = PBXFileReference; fileEncoding = 4; lastKnownFileType = sourcecode.c.objc; path = BrigeModel.m; sourceTree = "<group>"; };
		DEA7B0361F1CE3A600079FD1 /* MyWebSocket.h */ = {isa = PBXFileReference; fileEncoding = 4; lastKnownFileType = sourcecode.c.h; path = MyWebSocket.h; sourceTree = "<group>"; };
		DEA7B0371F1CE3A600079FD1 /* MyWebSocket.m */ = {isa = PBXFileReference; fileEncoding = 4; lastKnownFileType = sourcecode.c.objc; path = MyWebSocket.m; sourceTree = "<group>"; };
		DEA7B03B1F1CE3A600079FD1 /* CLIColor.h */ = {isa = PBXFileReference; fileEncoding = 4; lastKnownFileType = sourcecode.c.h; path = CLIColor.h; sourceTree = "<group>"; };
		DEA7B03C1F1CE3A600079FD1 /* CLIColor.m */ = {isa = PBXFileReference; fileEncoding = 4; lastKnownFileType = sourcecode.c.objc; path = CLIColor.m; sourceTree = "<group>"; };
		DEA7B03D1F1CE3A600079FD1 /* CocoaLumberjack.h */ = {isa = PBXFileReference; fileEncoding = 4; lastKnownFileType = sourcecode.c.h; path = CocoaLumberjack.h; sourceTree = "<group>"; };
		DEA7B03E1F1CE3A600079FD1 /* DDAbstractDatabaseLogger.h */ = {isa = PBXFileReference; fileEncoding = 4; lastKnownFileType = sourcecode.c.h; path = DDAbstractDatabaseLogger.h; sourceTree = "<group>"; };
		DEA7B03F1F1CE3A600079FD1 /* DDAbstractDatabaseLogger.m */ = {isa = PBXFileReference; fileEncoding = 4; lastKnownFileType = sourcecode.c.objc; path = DDAbstractDatabaseLogger.m; sourceTree = "<group>"; };
		DEA7B0401F1CE3A600079FD1 /* DDASLLogCapture.h */ = {isa = PBXFileReference; fileEncoding = 4; lastKnownFileType = sourcecode.c.h; path = DDASLLogCapture.h; sourceTree = "<group>"; };
		DEA7B0411F1CE3A600079FD1 /* DDASLLogCapture.m */ = {isa = PBXFileReference; fileEncoding = 4; lastKnownFileType = sourcecode.c.objc; path = DDASLLogCapture.m; sourceTree = "<group>"; };
		DEA7B0421F1CE3A600079FD1 /* DDASLLogger.h */ = {isa = PBXFileReference; fileEncoding = 4; lastKnownFileType = sourcecode.c.h; path = DDASLLogger.h; sourceTree = "<group>"; };
		DEA7B0431F1CE3A600079FD1 /* DDASLLogger.m */ = {isa = PBXFileReference; fileEncoding = 4; lastKnownFileType = sourcecode.c.objc; path = DDASLLogger.m; sourceTree = "<group>"; };
		DEA7B0441F1CE3A600079FD1 /* DDAssertMacros.h */ = {isa = PBXFileReference; fileEncoding = 4; lastKnownFileType = sourcecode.c.h; path = DDAssertMacros.h; sourceTree = "<group>"; };
		DEA7B0451F1CE3A600079FD1 /* DDFileLogger.h */ = {isa = PBXFileReference; fileEncoding = 4; lastKnownFileType = sourcecode.c.h; path = DDFileLogger.h; sourceTree = "<group>"; };
		DEA7B0461F1CE3A600079FD1 /* DDFileLogger.m */ = {isa = PBXFileReference; fileEncoding = 4; lastKnownFileType = sourcecode.c.objc; path = DDFileLogger.m; sourceTree = "<group>"; };
		DEA7B0471F1CE3A600079FD1 /* DDLegacyMacros.h */ = {isa = PBXFileReference; fileEncoding = 4; lastKnownFileType = sourcecode.c.h; path = DDLegacyMacros.h; sourceTree = "<group>"; };
		DEA7B0481F1CE3A600079FD1 /* DDLog+LOGV.h */ = {isa = PBXFileReference; fileEncoding = 4; lastKnownFileType = sourcecode.c.h; path = "DDLog+LOGV.h"; sourceTree = "<group>"; };
		DEA7B0491F1CE3A600079FD1 /* DDLog.h */ = {isa = PBXFileReference; fileEncoding = 4; lastKnownFileType = sourcecode.c.h; path = DDLog.h; sourceTree = "<group>"; };
		DEA7B04A1F1CE3A600079FD1 /* DDLog.m */ = {isa = PBXFileReference; fileEncoding = 4; lastKnownFileType = sourcecode.c.objc; path = DDLog.m; sourceTree = "<group>"; };
		DEA7B04B1F1CE3A600079FD1 /* DDLogMacros.h */ = {isa = PBXFileReference; fileEncoding = 4; lastKnownFileType = sourcecode.c.h; path = DDLogMacros.h; sourceTree = "<group>"; };
		DEA7B04C1F1CE3A600079FD1 /* DDOSLogger.h */ = {isa = PBXFileReference; fileEncoding = 4; lastKnownFileType = sourcecode.c.h; path = DDOSLogger.h; sourceTree = "<group>"; };
		DEA7B04D1F1CE3A600079FD1 /* DDOSLogger.m */ = {isa = PBXFileReference; fileEncoding = 4; lastKnownFileType = sourcecode.c.objc; path = DDOSLogger.m; sourceTree = "<group>"; };
		DEA7B04E1F1CE3A600079FD1 /* DDTTYLogger.h */ = {isa = PBXFileReference; fileEncoding = 4; lastKnownFileType = sourcecode.c.h; path = DDTTYLogger.h; sourceTree = "<group>"; };
		DEA7B04F1F1CE3A600079FD1 /* DDTTYLogger.m */ = {isa = PBXFileReference; fileEncoding = 4; lastKnownFileType = sourcecode.c.objc; path = DDTTYLogger.m; sourceTree = "<group>"; };
		DEA7B0511F1CE3A600079FD1 /* DDContextFilterLogFormatter.h */ = {isa = PBXFileReference; fileEncoding = 4; lastKnownFileType = sourcecode.c.h; path = DDContextFilterLogFormatter.h; sourceTree = "<group>"; };
		DEA7B0521F1CE3A600079FD1 /* DDContextFilterLogFormatter.m */ = {isa = PBXFileReference; fileEncoding = 4; lastKnownFileType = sourcecode.c.objc; path = DDContextFilterLogFormatter.m; sourceTree = "<group>"; };
		DEA7B0531F1CE3A600079FD1 /* DDDispatchQueueLogFormatter.h */ = {isa = PBXFileReference; fileEncoding = 4; lastKnownFileType = sourcecode.c.h; path = DDDispatchQueueLogFormatter.h; sourceTree = "<group>"; };
		DEA7B0541F1CE3A600079FD1 /* DDDispatchQueueLogFormatter.m */ = {isa = PBXFileReference; fileEncoding = 4; lastKnownFileType = sourcecode.c.objc; path = DDDispatchQueueLogFormatter.m; sourceTree = "<group>"; };
		DEA7B0551F1CE3A600079FD1 /* DDMultiFormatter.h */ = {isa = PBXFileReference; fileEncoding = 4; lastKnownFileType = sourcecode.c.h; path = DDMultiFormatter.h; sourceTree = "<group>"; };
		DEA7B0561F1CE3A600079FD1 /* DDMultiFormatter.m */ = {isa = PBXFileReference; fileEncoding = 4; lastKnownFileType = sourcecode.c.objc; path = DDMultiFormatter.m; sourceTree = "<group>"; };
		DEA7B0591F1CE3A700079FD1 /* DDData.h */ = {isa = PBXFileReference; fileEncoding = 4; lastKnownFileType = sourcecode.c.h; path = DDData.h; sourceTree = "<group>"; };
		DEA7B05A1F1CE3A700079FD1 /* DDData.m */ = {isa = PBXFileReference; fileEncoding = 4; lastKnownFileType = sourcecode.c.objc; path = DDData.m; sourceTree = "<group>"; };
		DEA7B05B1F1CE3A700079FD1 /* DDNumber.h */ = {isa = PBXFileReference; fileEncoding = 4; lastKnownFileType = sourcecode.c.h; path = DDNumber.h; sourceTree = "<group>"; };
		DEA7B05C1F1CE3A700079FD1 /* DDNumber.m */ = {isa = PBXFileReference; fileEncoding = 4; lastKnownFileType = sourcecode.c.objc; path = DDNumber.m; sourceTree = "<group>"; };
		DEA7B05D1F1CE3A700079FD1 /* DDRange.h */ = {isa = PBXFileReference; fileEncoding = 4; lastKnownFileType = sourcecode.c.h; path = DDRange.h; sourceTree = "<group>"; };
		DEA7B05E1F1CE3A700079FD1 /* DDRange.m */ = {isa = PBXFileReference; fileEncoding = 4; lastKnownFileType = sourcecode.c.objc; path = DDRange.m; sourceTree = "<group>"; };
		DEA7B05F1F1CE3A700079FD1 /* HTTPAuthenticationRequest.h */ = {isa = PBXFileReference; fileEncoding = 4; lastKnownFileType = sourcecode.c.h; path = HTTPAuthenticationRequest.h; sourceTree = "<group>"; };
		DEA7B0601F1CE3A700079FD1 /* HTTPAuthenticationRequest.m */ = {isa = PBXFileReference; fileEncoding = 4; lastKnownFileType = sourcecode.c.objc; path = HTTPAuthenticationRequest.m; sourceTree = "<group>"; };
		DEA7B0611F1CE3A700079FD1 /* HTTPConnection.h */ = {isa = PBXFileReference; fileEncoding = 4; lastKnownFileType = sourcecode.c.h; path = HTTPConnection.h; sourceTree = "<group>"; };
		DEA7B0621F1CE3A700079FD1 /* HTTPConnection.m */ = {isa = PBXFileReference; fileEncoding = 4; lastKnownFileType = sourcecode.c.objc; path = HTTPConnection.m; sourceTree = "<group>"; };
		DEA7B0631F1CE3A700079FD1 /* HTTPLogging.h */ = {isa = PBXFileReference; fileEncoding = 4; lastKnownFileType = sourcecode.c.h; path = HTTPLogging.h; sourceTree = "<group>"; };
		DEA7B0641F1CE3A700079FD1 /* HTTPMessage.h */ = {isa = PBXFileReference; fileEncoding = 4; lastKnownFileType = sourcecode.c.h; path = HTTPMessage.h; sourceTree = "<group>"; };
		DEA7B0651F1CE3A700079FD1 /* HTTPMessage.m */ = {isa = PBXFileReference; fileEncoding = 4; lastKnownFileType = sourcecode.c.objc; path = HTTPMessage.m; sourceTree = "<group>"; };
		DEA7B0661F1CE3A700079FD1 /* HTTPResponse.h */ = {isa = PBXFileReference; fileEncoding = 4; lastKnownFileType = sourcecode.c.h; path = HTTPResponse.h; sourceTree = "<group>"; };
		DEA7B0671F1CE3A700079FD1 /* HTTPServer.h */ = {isa = PBXFileReference; fileEncoding = 4; lastKnownFileType = sourcecode.c.h; path = HTTPServer.h; sourceTree = "<group>"; };
		DEA7B0681F1CE3A700079FD1 /* HTTPServer.m */ = {isa = PBXFileReference; fileEncoding = 4; lastKnownFileType = sourcecode.c.objc; path = HTTPServer.m; sourceTree = "<group>"; };
		DEA7B06A1F1CE3A700079FD1 /* MultipartFormDataParser.h */ = {isa = PBXFileReference; fileEncoding = 4; lastKnownFileType = sourcecode.c.h; path = MultipartFormDataParser.h; sourceTree = "<group>"; };
		DEA7B06B1F1CE3A700079FD1 /* MultipartFormDataParser.m */ = {isa = PBXFileReference; fileEncoding = 4; lastKnownFileType = sourcecode.c.objc; path = MultipartFormDataParser.m; sourceTree = "<group>"; };
		DEA7B06C1F1CE3A700079FD1 /* MultipartMessageHeader.h */ = {isa = PBXFileReference; fileEncoding = 4; lastKnownFileType = sourcecode.c.h; path = MultipartMessageHeader.h; sourceTree = "<group>"; };
		DEA7B06D1F1CE3A700079FD1 /* MultipartMessageHeader.m */ = {isa = PBXFileReference; fileEncoding = 4; lastKnownFileType = sourcecode.c.objc; path = MultipartMessageHeader.m; sourceTree = "<group>"; };
		DEA7B06E1F1CE3A700079FD1 /* MultipartMessageHeaderField.h */ = {isa = PBXFileReference; fileEncoding = 4; lastKnownFileType = sourcecode.c.h; path = MultipartMessageHeaderField.h; sourceTree = "<group>"; };
		DEA7B06F1F1CE3A700079FD1 /* MultipartMessageHeaderField.m */ = {isa = PBXFileReference; fileEncoding = 4; lastKnownFileType = sourcecode.c.objc; path = MultipartMessageHeaderField.m; sourceTree = "<group>"; };
		DEA7B0711F1CE3A700079FD1 /* HTTPAsyncFileResponse.h */ = {isa = PBXFileReference; fileEncoding = 4; lastKnownFileType = sourcecode.c.h; path = HTTPAsyncFileResponse.h; sourceTree = "<group>"; };
		DEA7B0721F1CE3A700079FD1 /* HTTPAsyncFileResponse.m */ = {isa = PBXFileReference; fileEncoding = 4; lastKnownFileType = sourcecode.c.objc; path = HTTPAsyncFileResponse.m; sourceTree = "<group>"; };
		DEA7B0731F1CE3A700079FD1 /* HTTPDataResponse.h */ = {isa = PBXFileReference; fileEncoding = 4; lastKnownFileType = sourcecode.c.h; path = HTTPDataResponse.h; sourceTree = "<group>"; };
		DEA7B0741F1CE3A700079FD1 /* HTTPDataResponse.m */ = {isa = PBXFileReference; fileEncoding = 4; lastKnownFileType = sourcecode.c.objc; path = HTTPDataResponse.m; sourceTree = "<group>"; };
		DEA7B0751F1CE3A700079FD1 /* HTTPDynamicFileResponse.h */ = {isa = PBXFileReference; fileEncoding = 4; lastKnownFileType = sourcecode.c.h; path = HTTPDynamicFileResponse.h; sourceTree = "<group>"; };
		DEA7B0761F1CE3A700079FD1 /* HTTPDynamicFileResponse.m */ = {isa = PBXFileReference; fileEncoding = 4; lastKnownFileType = sourcecode.c.objc; path = HTTPDynamicFileResponse.m; sourceTree = "<group>"; };
		DEA7B0771F1CE3A700079FD1 /* HTTPErrorResponse.h */ = {isa = PBXFileReference; fileEncoding = 4; lastKnownFileType = sourcecode.c.h; path = HTTPErrorResponse.h; sourceTree = "<group>"; };
		DEA7B0781F1CE3A700079FD1 /* HTTPErrorResponse.m */ = {isa = PBXFileReference; fileEncoding = 4; lastKnownFileType = sourcecode.c.objc; path = HTTPErrorResponse.m; sourceTree = "<group>"; };
		DEA7B0791F1CE3A700079FD1 /* HTTPFileResponse.h */ = {isa = PBXFileReference; fileEncoding = 4; lastKnownFileType = sourcecode.c.h; path = HTTPFileResponse.h; sourceTree = "<group>"; };
		DEA7B07A1F1CE3A700079FD1 /* HTTPFileResponse.m */ = {isa = PBXFileReference; fileEncoding = 4; lastKnownFileType = sourcecode.c.objc; path = HTTPFileResponse.m; sourceTree = "<group>"; };
		DEA7B07B1F1CE3A700079FD1 /* HTTPRedirectResponse.h */ = {isa = PBXFileReference; fileEncoding = 4; lastKnownFileType = sourcecode.c.h; path = HTTPRedirectResponse.h; sourceTree = "<group>"; };
		DEA7B07C1F1CE3A700079FD1 /* HTTPRedirectResponse.m */ = {isa = PBXFileReference; fileEncoding = 4; lastKnownFileType = sourcecode.c.objc; path = HTTPRedirectResponse.m; sourceTree = "<group>"; };
		DEA7B07D1F1CE3A700079FD1 /* WebSocket.h */ = {isa = PBXFileReference; fileEncoding = 4; lastKnownFileType = sourcecode.c.h; path = WebSocket.h; sourceTree = "<group>"; };
		DEA7B07E1F1CE3A700079FD1 /* WebSocket.m */ = {isa = PBXFileReference; fileEncoding = 4; lastKnownFileType = sourcecode.c.objc; path = WebSocket.m; sourceTree = "<group>"; };
		DEA7B0801F1CE3A700079FD1 /* Documentation.html */ = {isa = PBXFileReference; fileEncoding = 4; lastKnownFileType = text.html; path = Documentation.html; sourceTree = "<group>"; };
		DEA7B0811F1CE3A700079FD1 /* GCDAsyncSocket.h */ = {isa = PBXFileReference; fileEncoding = 4; lastKnownFileType = sourcecode.c.h; path = GCDAsyncSocket.h; sourceTree = "<group>"; };
		DEA7B0821F1CE3A700079FD1 /* GCDAsyncSocket.m */ = {isa = PBXFileReference; fileEncoding = 4; lastKnownFileType = sourcecode.c.objc; path = GCDAsyncSocket.m; sourceTree = "<group>"; };
		DEA7B0831F1CE3A700079FD1 /* GCDAsyncUdpSocket.h */ = {isa = PBXFileReference; fileEncoding = 4; lastKnownFileType = sourcecode.c.h; path = GCDAsyncUdpSocket.h; sourceTree = "<group>"; };
		DEA7B0841F1CE3A700079FD1 /* GCDAsyncUdpSocket.m */ = {isa = PBXFileReference; fileEncoding = 4; lastKnownFileType = sourcecode.c.objc; path = GCDAsyncUdpSocket.m; sourceTree = "<group>"; };
		DEA7B0861F1CE3A700079FD1 /* LICENSE */ = {isa = PBXFileReference; fileEncoding = 4; lastKnownFileType = text; path = LICENSE; sourceTree = "<group>"; };
		DEA7B0881F1CE3A700079FD1 /* MJDictionaryCache.h */ = {isa = PBXFileReference; fileEncoding = 4; lastKnownFileType = sourcecode.c.h; path = MJDictionaryCache.h; sourceTree = "<group>"; };
		DEA7B0891F1CE3A700079FD1 /* MJDictionaryCache.m */ = {isa = PBXFileReference; fileEncoding = 4; lastKnownFileType = sourcecode.c.objc; path = MJDictionaryCache.m; sourceTree = "<group>"; };
		DEA7B08A1F1CE3A700079FD1 /* MJExtension.h */ = {isa = PBXFileReference; fileEncoding = 4; lastKnownFileType = sourcecode.c.h; path = MJExtension.h; sourceTree = "<group>"; };
		DEA7B08B1F1CE3A700079FD1 /* MJExtensionConst.h */ = {isa = PBXFileReference; fileEncoding = 4; lastKnownFileType = sourcecode.c.h; path = MJExtensionConst.h; sourceTree = "<group>"; };
		DEA7B08C1F1CE3A700079FD1 /* MJExtensionConst.m */ = {isa = PBXFileReference; fileEncoding = 4; lastKnownFileType = sourcecode.c.objc; path = MJExtensionConst.m; sourceTree = "<group>"; };
		DEA7B08D1F1CE3A700079FD1 /* MJFoundation.h */ = {isa = PBXFileReference; fileEncoding = 4; lastKnownFileType = sourcecode.c.h; path = MJFoundation.h; sourceTree = "<group>"; };
		DEA7B08E1F1CE3A700079FD1 /* MJFoundation.m */ = {isa = PBXFileReference; fileEncoding = 4; lastKnownFileType = sourcecode.c.objc; path = MJFoundation.m; sourceTree = "<group>"; };
		DEA7B08F1F1CE3A700079FD1 /* MJProperty.h */ = {isa = PBXFileReference; fileEncoding = 4; lastKnownFileType = sourcecode.c.h; path = MJProperty.h; sourceTree = "<group>"; };
		DEA7B0901F1CE3A700079FD1 /* MJProperty.m */ = {isa = PBXFileReference; fileEncoding = 4; lastKnownFileType = sourcecode.c.objc; path = MJProperty.m; sourceTree = "<group>"; };
		DEA7B0911F1CE3A700079FD1 /* MJPropertyKey.h */ = {isa = PBXFileReference; fileEncoding = 4; lastKnownFileType = sourcecode.c.h; path = MJPropertyKey.h; sourceTree = "<group>"; };
		DEA7B0921F1CE3A700079FD1 /* MJPropertyKey.m */ = {isa = PBXFileReference; fileEncoding = 4; lastKnownFileType = sourcecode.c.objc; path = MJPropertyKey.m; sourceTree = "<group>"; };
		DEA7B0931F1CE3A700079FD1 /* MJPropertyType.h */ = {isa = PBXFileReference; fileEncoding = 4; lastKnownFileType = sourcecode.c.h; path = MJPropertyType.h; sourceTree = "<group>"; };
		DEA7B0941F1CE3A700079FD1 /* MJPropertyType.m */ = {isa = PBXFileReference; fileEncoding = 4; lastKnownFileType = sourcecode.c.objc; path = MJPropertyType.m; sourceTree = "<group>"; };
		DEA7B0951F1CE3A700079FD1 /* NSObject+MJClass.h */ = {isa = PBXFileReference; fileEncoding = 4; lastKnownFileType = sourcecode.c.h; path = "NSObject+MJClass.h"; sourceTree = "<group>"; };
		DEA7B0961F1CE3A700079FD1 /* NSObject+MJClass.m */ = {isa = PBXFileReference; fileEncoding = 4; lastKnownFileType = sourcecode.c.objc; path = "NSObject+MJClass.m"; sourceTree = "<group>"; };
		DEA7B0971F1CE3A700079FD1 /* NSObject+MJCoding.h */ = {isa = PBXFileReference; fileEncoding = 4; lastKnownFileType = sourcecode.c.h; path = "NSObject+MJCoding.h"; sourceTree = "<group>"; };
		DEA7B0981F1CE3A700079FD1 /* NSObject+MJCoding.m */ = {isa = PBXFileReference; fileEncoding = 4; lastKnownFileType = sourcecode.c.objc; path = "NSObject+MJCoding.m"; sourceTree = "<group>"; };
		DEA7B0991F1CE3A700079FD1 /* NSObject+MJKeyValue.h */ = {isa = PBXFileReference; fileEncoding = 4; lastKnownFileType = sourcecode.c.h; path = "NSObject+MJKeyValue.h"; sourceTree = "<group>"; };
		DEA7B09A1F1CE3A700079FD1 /* NSObject+MJKeyValue.m */ = {isa = PBXFileReference; fileEncoding = 4; lastKnownFileType = sourcecode.c.objc; path = "NSObject+MJKeyValue.m"; sourceTree = "<group>"; };
		DEA7B09B1F1CE3A700079FD1 /* NSObject+MJProperty.h */ = {isa = PBXFileReference; fileEncoding = 4; lastKnownFileType = sourcecode.c.h; path = "NSObject+MJProperty.h"; sourceTree = "<group>"; };
		DEA7B09C1F1CE3A700079FD1 /* NSObject+MJProperty.m */ = {isa = PBXFileReference; fileEncoding = 4; lastKnownFileType = sourcecode.c.objc; path = "NSObject+MJProperty.m"; sourceTree = "<group>"; };
		DEA7B09D1F1CE3A700079FD1 /* NSString+MJExtension.h */ = {isa = PBXFileReference; fileEncoding = 4; lastKnownFileType = sourcecode.c.h; path = "NSString+MJExtension.h"; sourceTree = "<group>"; };
		DEA7B09E1F1CE3A700079FD1 /* NSString+MJExtension.m */ = {isa = PBXFileReference; fileEncoding = 4; lastKnownFileType = sourcecode.c.objc; path = "NSString+MJExtension.m"; sourceTree = "<group>"; };
		DEA7B09F1F1CE3A700079FD1 /* MyHTTPConnection.h */ = {isa = PBXFileReference; fileEncoding = 4; lastKnownFileType = sourcecode.c.h; path = MyHTTPConnection.h; sourceTree = "<group>"; };
		DEA7B0A01F1CE3A700079FD1 /* MyHTTPConnection.m */ = {isa = PBXFileReference; fileEncoding = 4; lastKnownFileType = sourcecode.c.objc; path = MyHTTPConnection.m; sourceTree = "<group>"; };
		DEA7B0A11F1CE3A700079FD1 /* README.markdown */ = {isa = PBXFileReference; fileEncoding = 4; lastKnownFileType = net.daringfireball.markdown; path = README.markdown; sourceTree = "<group>"; };
		DEA7B0A31F1CE3A700079FD1 /* index.html */ = {isa = PBXFileReference; fileEncoding = 4; lastKnownFileType = text.html; path = index.html; sourceTree = "<group>"; };
		DEA7B0A41F1CE3A700079FD1 /* WebSocketTest.js */ = {isa = PBXFileReference; fileEncoding = 4; lastKnownFileType = sourcecode.javascript; path = WebSocketTest.js; sourceTree = "<group>"; };
		DEA7B0A51F1CE3A700079FD1 /* WebSocketTest2.js */ = {isa = PBXFileReference; fileEncoding = 4; lastKnownFileType = sourcecode.javascript; path = WebSocketTest2.js; sourceTree = "<group>"; };
/* End PBXFileReference section */

/* Begin PBXFrameworksBuildPhase section */
		200F385A1E24B48F00911358 /* Frameworks */ = {
			isa = PBXFrameworksBuildPhase;
			buildActionMask = 2147483647;
			files = (
				DE8F47741EA0BA4F009F1B9B /* slsdk.framework in Frameworks */,
			);
			runOnlyForDeploymentPostprocessing = 0;
		};
/* End PBXFrameworksBuildPhase section */

/* Begin PBXGroup section */
		200F38541E24B48F00911358 = {
			isa = PBXGroup;
			children = (
				200F385F1E24B48F00911358 /* sunloginsdk-client */,
				200F385E1E24B48F00911358 /* Products */,
				20D2E18B1E30B17400149377 /* Frameworks */,
			);
			sourceTree = "<group>";
		};
		200F385E1E24B48F00911358 /* Products */ = {
			isa = PBXGroup;
			children = (
				200F385D1E24B48F00911358 /* sunloginsdk-client.app */,
			);
			name = Products;
			sourceTree = "<group>";
		};
		200F385F1E24B48F00911358 /* sunloginsdk-client */ = {
			isa = PBXGroup;
			children = (
				DEA7B0311F1CE3A600079FD1 /* webSocket */,
				200F38601E24B48F00911358 /* AppDelegate.h */,
				200F38611E24B48F00911358 /* AppDelegate.mm */,
				200F38661E24B48F00911358 /* Assets.xcassets */,
				200F38681E24B48F00911358 /* MainMenu.xib */,
				200F386B1E24B48F00911358 /* Info.plist */,
				200F38631E24B48F00911358 /* Supporting Files */,
			);
			path = "sunloginsdk-client";
			sourceTree = "<group>";
		};
		200F38631E24B48F00911358 /* Supporting Files */ = {
			isa = PBXGroup;
			children = (
				200F38641E24B48F00911358 /* main.m */,
			);
			name = "Supporting Files";
			sourceTree = "<group>";
		};
		20D2E18B1E30B17400149377 /* Frameworks */ = {
			isa = PBXGroup;
			children = (
				DE8F47721EA0BA07009F1B9B /* slsdk.framework */,
			);
			name = Frameworks;
			sourceTree = "<group>";
		};
		DEA7B0311F1CE3A600079FD1 /* webSocket */ = {
			isa = PBXGroup;
			children = (
				DEA7B0321F1CE3A600079FD1 /* BrigeDataModel.h */,
				DEA7B0331F1CE3A600079FD1 /* BrigeDataModel.m */,
				DEA7B0341F1CE3A600079FD1 /* BrigeModel.h */,
				DEA7B0351F1CE3A600079FD1 /* BrigeModel.m */,
				DEA7B0361F1CE3A600079FD1 /* MyWebSocket.h */,
				DEA7B0371F1CE3A600079FD1 /* MyWebSocket.m */,
				DEA7B0381F1CE3A600079FD1 /* web */,
			);
			path = webSocket;
			sourceTree = "<group>";
		};
		DEA7B0381F1CE3A600079FD1 /* web */ = {
			isa = PBXGroup;
			children = (
				DEA7B0391F1CE3A600079FD1 /* COCOALUMBERJACK */,
				DEA7B0571F1CE3A700079FD1 /* Core */,
				DEA7B07F1F1CE3A700079FD1 /* GCD */,
				DEA7B0851F1CE3A700079FD1 /* MJExtension */,
				DEA7B09F1F1CE3A700079FD1 /* MyHTTPConnection.h */,
				DEA7B0A01F1CE3A700079FD1 /* MyHTTPConnection.m */,
				DEA7B0A11F1CE3A700079FD1 /* README.markdown */,
				DEA7B0A21F1CE3A700079FD1 /* Web */,
			);
			path = web;
			sourceTree = "<group>";
		};
		DEA7B0391F1CE3A600079FD1 /* COCOALUMBERJACK */ = {
			isa = PBXGroup;
			children = (
				DEA7B03A1F1CE3A600079FD1 /* CLI */,
				DEA7B03D1F1CE3A600079FD1 /* CocoaLumberjack.h */,
				DEA7B03E1F1CE3A600079FD1 /* DDAbstractDatabaseLogger.h */,
				DEA7B03F1F1CE3A600079FD1 /* DDAbstractDatabaseLogger.m */,
				DEA7B0401F1CE3A600079FD1 /* DDASLLogCapture.h */,
				DEA7B0411F1CE3A600079FD1 /* DDASLLogCapture.m */,
				DEA7B0421F1CE3A600079FD1 /* DDASLLogger.h */,
				DEA7B0431F1CE3A600079FD1 /* DDASLLogger.m */,
				DEA7B0441F1CE3A600079FD1 /* DDAssertMacros.h */,
				DEA7B0451F1CE3A600079FD1 /* DDFileLogger.h */,
				DEA7B0461F1CE3A600079FD1 /* DDFileLogger.m */,
				DEA7B0471F1CE3A600079FD1 /* DDLegacyMacros.h */,
				DEA7B0481F1CE3A600079FD1 /* DDLog+LOGV.h */,
				DEA7B0491F1CE3A600079FD1 /* DDLog.h */,
				DEA7B04A1F1CE3A600079FD1 /* DDLog.m */,
				DEA7B04B1F1CE3A600079FD1 /* DDLogMacros.h */,
				DEA7B04C1F1CE3A600079FD1 /* DDOSLogger.h */,
				DEA7B04D1F1CE3A600079FD1 /* DDOSLogger.m */,
				DEA7B04E1F1CE3A600079FD1 /* DDTTYLogger.h */,
				DEA7B04F1F1CE3A600079FD1 /* DDTTYLogger.m */,
				DEA7B0501F1CE3A600079FD1 /* Extensions */,
			);
			path = COCOALUMBERJACK;
			sourceTree = "<group>";
		};
		DEA7B03A1F1CE3A600079FD1 /* CLI */ = {
			isa = PBXGroup;
			children = (
				DEA7B03B1F1CE3A600079FD1 /* CLIColor.h */,
				DEA7B03C1F1CE3A600079FD1 /* CLIColor.m */,
			);
			path = CLI;
			sourceTree = "<group>";
		};
		DEA7B0501F1CE3A600079FD1 /* Extensions */ = {
			isa = PBXGroup;
			children = (
				DEA7B0511F1CE3A600079FD1 /* DDContextFilterLogFormatter.h */,
				DEA7B0521F1CE3A600079FD1 /* DDContextFilterLogFormatter.m */,
				DEA7B0531F1CE3A600079FD1 /* DDDispatchQueueLogFormatter.h */,
				DEA7B0541F1CE3A600079FD1 /* DDDispatchQueueLogFormatter.m */,
				DEA7B0551F1CE3A600079FD1 /* DDMultiFormatter.h */,
				DEA7B0561F1CE3A600079FD1 /* DDMultiFormatter.m */,
			);
			path = Extensions;
			sourceTree = "<group>";
		};
		DEA7B0571F1CE3A700079FD1 /* Core */ = {
			isa = PBXGroup;
			children = (
				DEA7B0581F1CE3A700079FD1 /* Categories */,
				DEA7B05F1F1CE3A700079FD1 /* HTTPAuthenticationRequest.h */,
				DEA7B0601F1CE3A700079FD1 /* HTTPAuthenticationRequest.m */,
				DEA7B0611F1CE3A700079FD1 /* HTTPConnection.h */,
				DEA7B0621F1CE3A700079FD1 /* HTTPConnection.m */,
				DEA7B0631F1CE3A700079FD1 /* HTTPLogging.h */,
				DEA7B0641F1CE3A700079FD1 /* HTTPMessage.h */,
				DEA7B0651F1CE3A700079FD1 /* HTTPMessage.m */,
				DEA7B0661F1CE3A700079FD1 /* HTTPResponse.h */,
				DEA7B0671F1CE3A700079FD1 /* HTTPServer.h */,
				DEA7B0681F1CE3A700079FD1 /* HTTPServer.m */,
				DEA7B0691F1CE3A700079FD1 /* Mime */,
				DEA7B0701F1CE3A700079FD1 /* Responses */,
				DEA7B07D1F1CE3A700079FD1 /* WebSocket.h */,
				DEA7B07E1F1CE3A700079FD1 /* WebSocket.m */,
			);
			path = Core;
			sourceTree = "<group>";
		};
		DEA7B0581F1CE3A700079FD1 /* Categories */ = {
			isa = PBXGroup;
			children = (
				DEA7B0591F1CE3A700079FD1 /* DDData.h */,
				DEA7B05A1F1CE3A700079FD1 /* DDData.m */,
				DEA7B05B1F1CE3A700079FD1 /* DDNumber.h */,
				DEA7B05C1F1CE3A700079FD1 /* DDNumber.m */,
				DEA7B05D1F1CE3A700079FD1 /* DDRange.h */,
				DEA7B05E1F1CE3A700079FD1 /* DDRange.m */,
			);
			path = Categories;
			sourceTree = "<group>";
		};
		DEA7B0691F1CE3A700079FD1 /* Mime */ = {
			isa = PBXGroup;
			children = (
				DEA7B06A1F1CE3A700079FD1 /* MultipartFormDataParser.h */,
				DEA7B06B1F1CE3A700079FD1 /* MultipartFormDataParser.m */,
				DEA7B06C1F1CE3A700079FD1 /* MultipartMessageHeader.h */,
				DEA7B06D1F1CE3A700079FD1 /* MultipartMessageHeader.m */,
				DEA7B06E1F1CE3A700079FD1 /* MultipartMessageHeaderField.h */,
				DEA7B06F1F1CE3A700079FD1 /* MultipartMessageHeaderField.m */,
			);
			path = Mime;
			sourceTree = "<group>";
		};
		DEA7B0701F1CE3A700079FD1 /* Responses */ = {
			isa = PBXGroup;
			children = (
				DEA7B0711F1CE3A700079FD1 /* HTTPAsyncFileResponse.h */,
				DEA7B0721F1CE3A700079FD1 /* HTTPAsyncFileResponse.m */,
				DEA7B0731F1CE3A700079FD1 /* HTTPDataResponse.h */,
				DEA7B0741F1CE3A700079FD1 /* HTTPDataResponse.m */,
				DEA7B0751F1CE3A700079FD1 /* HTTPDynamicFileResponse.h */,
				DEA7B0761F1CE3A700079FD1 /* HTTPDynamicFileResponse.m */,
				DEA7B0771F1CE3A700079FD1 /* HTTPErrorResponse.h */,
				DEA7B0781F1CE3A700079FD1 /* HTTPErrorResponse.m */,
				DEA7B0791F1CE3A700079FD1 /* HTTPFileResponse.h */,
				DEA7B07A1F1CE3A700079FD1 /* HTTPFileResponse.m */,
				DEA7B07B1F1CE3A700079FD1 /* HTTPRedirectResponse.h */,
				DEA7B07C1F1CE3A700079FD1 /* HTTPRedirectResponse.m */,
			);
			path = Responses;
			sourceTree = "<group>";
		};
		DEA7B07F1F1CE3A700079FD1 /* GCD */ = {
			isa = PBXGroup;
			children = (
				DEA7B0801F1CE3A700079FD1 /* Documentation.html */,
				DEA7B0811F1CE3A700079FD1 /* GCDAsyncSocket.h */,
				DEA7B0821F1CE3A700079FD1 /* GCDAsyncSocket.m */,
				DEA7B0831F1CE3A700079FD1 /* GCDAsyncUdpSocket.h */,
				DEA7B0841F1CE3A700079FD1 /* GCDAsyncUdpSocket.m */,
			);
			path = GCD;
			sourceTree = "<group>";
		};
		DEA7B0851F1CE3A700079FD1 /* MJExtension */ = {
			isa = PBXGroup;
			children = (
				DEA7B0861F1CE3A700079FD1 /* LICENSE */,
				DEA7B0871F1CE3A700079FD1 /* MJExtension */,
			);
			path = MJExtension;
			sourceTree = "<group>";
		};
		DEA7B0871F1CE3A700079FD1 /* MJExtension */ = {
			isa = PBXGroup;
			children = (
				DEA7B0881F1CE3A700079FD1 /* MJDictionaryCache.h */,
				DEA7B0891F1CE3A700079FD1 /* MJDictionaryCache.m */,
				DEA7B08A1F1CE3A700079FD1 /* MJExtension.h */,
				DEA7B08B1F1CE3A700079FD1 /* MJExtensionConst.h */,
				DEA7B08C1F1CE3A700079FD1 /* MJExtensionConst.m */,
				DEA7B08D1F1CE3A700079FD1 /* MJFoundation.h */,
				DEA7B08E1F1CE3A700079FD1 /* MJFoundation.m */,
				DEA7B08F1F1CE3A700079FD1 /* MJProperty.h */,
				DEA7B0901F1CE3A700079FD1 /* MJProperty.m */,
				DEA7B0911F1CE3A700079FD1 /* MJPropertyKey.h */,
				DEA7B0921F1CE3A700079FD1 /* MJPropertyKey.m */,
				DEA7B0931F1CE3A700079FD1 /* MJPropertyType.h */,
				DEA7B0941F1CE3A700079FD1 /* MJPropertyType.m */,
				DEA7B0951F1CE3A700079FD1 /* NSObject+MJClass.h */,
				DEA7B0961F1CE3A700079FD1 /* NSObject+MJClass.m */,
				DEA7B0971F1CE3A700079FD1 /* NSObject+MJCoding.h */,
				DEA7B0981F1CE3A700079FD1 /* NSObject+MJCoding.m */,
				DEA7B0991F1CE3A700079FD1 /* NSObject+MJKeyValue.h */,
				DEA7B09A1F1CE3A700079FD1 /* NSObject+MJKeyValue.m */,
				DEA7B09B1F1CE3A700079FD1 /* NSObject+MJProperty.h */,
				DEA7B09C1F1CE3A700079FD1 /* NSObject+MJProperty.m */,
				DEA7B09D1F1CE3A700079FD1 /* NSString+MJExtension.h */,
				DEA7B09E1F1CE3A700079FD1 /* NSString+MJExtension.m */,
			);
			path = MJExtension;
			sourceTree = "<group>";
		};
		DEA7B0A21F1CE3A700079FD1 /* Web */ = {
			isa = PBXGroup;
			children = (
				DEA7B0A31F1CE3A700079FD1 /* index.html */,
				DEA7B0A41F1CE3A700079FD1 /* WebSocketTest.js */,
				DEA7B0A51F1CE3A700079FD1 /* WebSocketTest2.js */,
			);
			path = Web;
			sourceTree = "<group>";
		};
/* End PBXGroup section */

/* Begin PBXNativeTarget section */
		200F385C1E24B48F00911358 /* sunloginsdk-client */ = {
			isa = PBXNativeTarget;
			buildConfigurationList = 200F386E1E24B48F00911358 /* Build configuration list for PBXNativeTarget "sunloginsdk-client" */;
			buildPhases = (
				200F38591E24B48F00911358 /* Sources */,
				200F385A1E24B48F00911358 /* Frameworks */,
				200F385B1E24B48F00911358 /* Resources */,
				DE8F47751EA0BA56009F1B9B /* CopyFiles */,
			);
			buildRules = (
			);
			dependencies = (
			);
			name = "sunloginsdk-client";
			productName = "sunloginsdk-client";
			productReference = 200F385D1E24B48F00911358 /* sunloginsdk-client.app */;
			productType = "com.apple.product-type.application";
		};
/* End PBXNativeTarget section */

/* Begin PBXProject section */
		200F38551E24B48F00911358 /* Project object */ = {
			isa = PBXProject;
			attributes = {
				LastUpgradeCheck = 0820;
				ORGANIZATIONNAME = " Oray";
				TargetAttributes = {
					200F385C1E24B48F00911358 = {
						CreatedOnToolsVersion = 8.2.1;
						ProvisioningStyle = Automatic;
					};
				};
			};
			buildConfigurationList = 200F38581E24B48F00911358 /* Build configuration list for PBXProject "sunloginsdk-client" */;
			compatibilityVersion = "Xcode 3.2";
			developmentRegion = English;
			hasScannedForEncodings = 0;
			knownRegions = (
				en,
				Base,
			);
			mainGroup = 200F38541E24B48F00911358;
			productRefGroup = 200F385E1E24B48F00911358 /* Products */;
			projectDirPath = "";
			projectRoot = "";
			targets = (
				200F385C1E24B48F00911358 /* sunloginsdk-client */,
			);
		};
/* End PBXProject section */

/* Begin PBXResourcesBuildPhase section */
		200F385B1E24B48F00911358 /* Resources */ = {
			isa = PBXResourcesBuildPhase;
			buildActionMask = 2147483647;
			files = (
				DEA7B0D71F1CE3A700079FD1 /* WebSocketTest.js in Resources */,
				DEA7B0D61F1CE3A700079FD1 /* index.html in Resources */,
				DEA7B0D81F1CE3A700079FD1 /* WebSocketTest2.js in Resources */,
				200F38671E24B48F00911358 /* Assets.xcassets in Resources */,
				DEA7B0C51F1CE3A700079FD1 /* Documentation.html in Resources */,
				DEA7B0C81F1CE3A700079FD1 /* LICENSE in Resources */,
				200F386A1E24B48F00911358 /* MainMenu.xib in Resources */,
			);
			runOnlyForDeploymentPostprocessing = 0;
		};
/* End PBXResourcesBuildPhase section */

/* Begin PBXSourcesBuildPhase section */
		200F38591E24B48F00911358 /* Sources */ = {
			isa = PBXSourcesBuildPhase;
			buildActionMask = 2147483647;
			files = (
				200F38651E24B48F00911358 /* main.m in Sources */,
				DEA7B0AF1F1CE3A700079FD1 /* DDOSLogger.m in Sources */,
				DEA7B0B51F1CE3A700079FD1 /* DDNumber.m in Sources */,
				DEA7B0B21F1CE3A700079FD1 /* DDDispatchQueueLogFormatter.m in Sources */,
				DEA7B0D11F1CE3A700079FD1 /* NSObject+MJKeyValue.m in Sources */,
				DEA7B0CC1F1CE3A700079FD1 /* MJProperty.m in Sources */,
				DEA7B0D41F1CE3A700079FD1 /* MyHTTPConnection.m in Sources */,
				DEA7B0A71F1CE3A700079FD1 /* BrigeModel.m in Sources */,
				DEA7B0BC1F1CE3A700079FD1 /* MultipartMessageHeader.m in Sources */,
				DEA7B0CD1F1CE3A700079FD1 /* MJPropertyKey.m in Sources */,
				DEA7B0B31F1CE3A700079FD1 /* DDMultiFormatter.m in Sources */,
				DEA7B0AB1F1CE3A700079FD1 /* DDASLLogCapture.m in Sources */,
				DEA7B0B81F1CE3A700079FD1 /* HTTPConnection.m in Sources */,
				DEA7B0B41F1CE3A700079FD1 /* DDData.m in Sources */,
				DEA7B0D51F1CE3A700079FD1 /* README.markdown in Sources */,
				DEA7B0BB1F1CE3A700079FD1 /* MultipartFormDataParser.m in Sources */,
				DEA7B0C71F1CE3A700079FD1 /* GCDAsyncUdpSocket.m in Sources */,
				DEA7B0C01F1CE3A700079FD1 /* HTTPDynamicFileResponse.m in Sources */,
				DEA7B0B91F1CE3A700079FD1 /* HTTPMessage.m in Sources */,
				DEA7B0C21F1CE3A700079FD1 /* HTTPFileResponse.m in Sources */,
				DEA7B0A91F1CE3A700079FD1 /* CLIColor.m in Sources */,
				200F38621E24B48F00911358 /* AppDelegate.mm in Sources */,
				DEA7B0BD1F1CE3A700079FD1 /* MultipartMessageHeaderField.m in Sources */,
				DEA7B0C41F1CE3A700079FD1 /* WebSocket.m in Sources */,
				DEA7B0CB1F1CE3A700079FD1 /* MJFoundation.m in Sources */,
				DEA7B0B01F1CE3A700079FD1 /* DDTTYLogger.m in Sources */,
				DEA7B0C31F1CE3A700079FD1 /* HTTPRedirectResponse.m in Sources */,
				DEA7B0AE1F1CE3A700079FD1 /* DDLog.m in Sources */,
				DEA7B0AC1F1CE3A700079FD1 /* DDASLLogger.m in Sources */,
				DEA7B0C61F1CE3A700079FD1 /* GCDAsyncSocket.m in Sources */,
				DEA7B0B61F1CE3A700079FD1 /* DDRange.m in Sources */,
				DEA7B0B11F1CE3A700079FD1 /* DDContextFilterLogFormatter.m in Sources */,
				DEA7B0CE1F1CE3A700079FD1 /* MJPropertyType.m in Sources */,
				DEA7B0D01F1CE3A700079FD1 /* NSObject+MJCoding.m in Sources */,
				DEA7B0B71F1CE3A700079FD1 /* HTTPAuthenticationRequest.m in Sources */,
				DEA7B0AA1F1CE3A700079FD1 /* DDAbstractDatabaseLogger.m in Sources */,
				DEA7B0A81F1CE3A700079FD1 /* MyWebSocket.m in Sources */,
				DEA7B0CF1F1CE3A700079FD1 /* NSObject+MJClass.m in Sources */,
				DEA7B0A61F1CE3A700079FD1 /* BrigeDataModel.m in Sources */,
				DEA7B0D21F1CE3A700079FD1 /* NSObject+MJProperty.m in Sources */,
				DEA7B0C11F1CE3A700079FD1 /* HTTPErrorResponse.m in Sources */,
				DEA7B0BA1F1CE3A700079FD1 /* HTTPServer.m in Sources */,
				DEA7B0AD1F1CE3A700079FD1 /* DDFileLogger.m in Sources */,
				DEA7B0BF1F1CE3A700079FD1 /* HTTPDataResponse.m in Sources */,
				DEA7B0D31F1CE3A700079FD1 /* NSString+MJExtension.m in Sources */,
				DEA7B0CA1F1CE3A700079FD1 /* MJExtensionConst.m in Sources */,
				DEA7B0BE1F1CE3A700079FD1 /* HTTPAsyncFileResponse.m in Sources */,
				DEA7B0C91F1CE3A700079FD1 /* MJDictionaryCache.m in Sources */,
			);
			runOnlyForDeploymentPostprocessing = 0;
		};
/* End PBXSourcesBuildPhase section */

/* Begin PBXVariantGroup section */
		200F38681E24B48F00911358 /* MainMenu.xib */ = {
			isa = PBXVariantGroup;
			children = (
				200F38691E24B48F00911358 /* Base */,
			);
			name = MainMenu.xib;
			sourceTree = "<group>";
		};
/* End PBXVariantGroup section */

/* Begin XCBuildConfiguration section */
		200F386C1E24B48F00911358 /* Debug */ = {
			isa = XCBuildConfiguration;
			buildSettings = {
				ALWAYS_SEARCH_USER_PATHS = NO;
				CLANG_ANALYZER_NONNULL = YES;
				CLANG_CXX_LANGUAGE_STANDARD = "gnu++0x";
				CLANG_CXX_LIBRARY = "libc++";
				CLANG_ENABLE_MODULES = YES;
				CLANG_ENABLE_OBJC_ARC = YES;
				CLANG_WARN_BOOL_CONVERSION = YES;
				CLANG_WARN_CONSTANT_CONVERSION = YES;
				CLANG_WARN_DIRECT_OBJC_ISA_USAGE = YES_ERROR;
				CLANG_WARN_DOCUMENTATION_COMMENTS = YES;
				CLANG_WARN_EMPTY_BODY = YES;
				CLANG_WARN_ENUM_CONVERSION = YES;
				CLANG_WARN_INFINITE_RECURSION = YES;
				CLANG_WARN_INT_CONVERSION = YES;
				CLANG_WARN_OBJC_ROOT_CLASS = YES_ERROR;
				CLANG_WARN_SUSPICIOUS_MOVE = YES;
				CLANG_WARN_UNREACHABLE_CODE = YES;
				CLANG_WARN__DUPLICATE_METHOD_MATCH = YES;
				CODE_SIGN_IDENTITY = "-";
				COPY_PHASE_STRIP = NO;
				DEBUG_INFORMATION_FORMAT = dwarf;
				ENABLE_STRICT_OBJC_MSGSEND = YES;
				ENABLE_TESTABILITY = YES;
				GCC_C_LANGUAGE_STANDARD = gnu99;
				GCC_DYNAMIC_NO_PIC = NO;
				GCC_NO_COMMON_BLOCKS = YES;
				GCC_OPTIMIZATION_LEVEL = 0;
				GCC_PREPROCESSOR_DEFINITIONS = (
					"DEBUG=1",
					"$(inherited)",
				);
				GCC_WARN_64_TO_32_BIT_CONVERSION = YES;
				GCC_WARN_ABOUT_RETURN_TYPE = YES_ERROR;
				GCC_WARN_UNDECLARED_SELECTOR = YES;
				GCC_WARN_UNINITIALIZED_AUTOS = YES_AGGRESSIVE;
				GCC_WARN_UNUSED_FUNCTION = YES;
				GCC_WARN_UNUSED_VARIABLE = YES;
				MACOSX_DEPLOYMENT_TARGET = 10.11;
				MTL_ENABLE_DEBUG_INFO = YES;
				ONLY_ACTIVE_ARCH = YES;
				SDKROOT = macosx;
			};
			name = Debug;
		};
		200F386D1E24B48F00911358 /* Release */ = {
			isa = XCBuildConfiguration;
			buildSettings = {
				ALWAYS_SEARCH_USER_PATHS = NO;
				CLANG_ANALYZER_NONNULL = YES;
				CLANG_CXX_LANGUAGE_STANDARD = "gnu++0x";
				CLANG_CXX_LIBRARY = "libc++";
				CLANG_ENABLE_MODULES = YES;
				CLANG_ENABLE_OBJC_ARC = YES;
				CLANG_WARN_BOOL_CONVERSION = YES;
				CLANG_WARN_CONSTANT_CONVERSION = YES;
				CLANG_WARN_DIRECT_OBJC_ISA_USAGE = YES_ERROR;
				CLANG_WARN_DOCUMENTATION_COMMENTS = YES;
				CLANG_WARN_EMPTY_BODY = YES;
				CLANG_WARN_ENUM_CONVERSION = YES;
				CLANG_WARN_INFINITE_RECURSION = YES;
				CLANG_WARN_INT_CONVERSION = YES;
				CLANG_WARN_OBJC_ROOT_CLASS = YES_ERROR;
				CLANG_WARN_SUSPICIOUS_MOVE = YES;
				CLANG_WARN_UNREACHABLE_CODE = YES;
				CLANG_WARN__DUPLICATE_METHOD_MATCH = YES;
				CODE_SIGN_IDENTITY = "-";
				COPY_PHASE_STRIP = NO;
				DEBUG_INFORMATION_FORMAT = "dwarf-with-dsym";
				ENABLE_NS_ASSERTIONS = NO;
				ENABLE_STRICT_OBJC_MSGSEND = YES;
				GCC_C_LANGUAGE_STANDARD = gnu99;
				GCC_NO_COMMON_BLOCKS = YES;
				GCC_WARN_64_TO_32_BIT_CONVERSION = YES;
				GCC_WARN_ABOUT_RETURN_TYPE = YES_ERROR;
				GCC_WARN_UNDECLARED_SELECTOR = YES;
				GCC_WARN_UNINITIALIZED_AUTOS = YES_AGGRESSIVE;
				GCC_WARN_UNUSED_FUNCTION = YES;
				GCC_WARN_UNUSED_VARIABLE = YES;
				MACOSX_DEPLOYMENT_TARGET = 10.11;
				MTL_ENABLE_DEBUG_INFO = NO;
				SDKROOT = macosx;
			};
			name = Release;
		};
		200F386F1E24B48F00911358 /* Debug */ = {
			isa = XCBuildConfiguration;
			buildSettings = {
				ASSETCATALOG_COMPILER_APPICON_NAME = AppIcon;
				CLANG_ENABLE_OBJC_ARC = YES;
				CODE_SIGN_IDENTITY = "";
				COMBINE_HIDPI_IMAGES = YES;
				FRAMEWORK_SEARCH_PATHS = (
					"$(inherited)",
					"$(PROJECT_DIR)",
					"$(PROJECT_DIR)/build/Release",
					../framework,
				);
				INFOPLIST_FILE = "sunloginsdk-client/Info.plist";
				LD_RUNPATH_SEARCH_PATHS = "$(inherited) @executable_path/../Frameworks";
				MACOSX_DEPLOYMENT_TARGET = 10.7;
				PRODUCT_BUNDLE_IDENTIFIER = com.hhly.LYTRemoteClient;
				PRODUCT_NAME = "$(TARGET_NAME)";
			};
			name = Debug;
		};
		200F38701E24B48F00911358 /* Release */ = {
			isa = XCBuildConfiguration;
			buildSettings = {
				ASSETCATALOG_COMPILER_APPICON_NAME = AppIcon;
				CLANG_ENABLE_OBJC_ARC = YES;
				CODE_SIGN_IDENTITY = "";
				COMBINE_HIDPI_IMAGES = YES;
				FRAMEWORK_SEARCH_PATHS = (
					"$(inherited)",
					"$(PROJECT_DIR)",
					"$(PROJECT_DIR)/build/Release",
					../framework,
				);
				INFOPLIST_FILE = "sunloginsdk-client/Info.plist";
				LD_RUNPATH_SEARCH_PATHS = "$(inherited) @executable_path/../Frameworks";
				MACOSX_DEPLOYMENT_TARGET = 10.7;
				PRODUCT_BUNDLE_IDENTIFIER = com.hhly.LYTRemoteClient;
				PRODUCT_NAME = "$(TARGET_NAME)";
			};
			name = Release;
		};
/* End XCBuildConfiguration section */

/* Begin XCConfigurationList section */
		200F38581E24B48F00911358 /* Build configuration list for PBXProject "sunloginsdk-client" */ = {
			isa = XCConfigurationList;
			buildConfigurations = (
				200F386C1E24B48F00911358 /* Debug */,
				200F386D1E24B48F00911358 /* Release */,
			);
			defaultConfigurationIsVisible = 0;
			defaultConfigurationName = Release;
		};
		200F386E1E24B48F00911358 /* Build configuration list for PBXNativeTarget "sunloginsdk-client" */ = {
			isa = XCConfigurationList;
			buildConfigurations = (
				200F386F1E24B48F00911358 /* Debug */,
				200F38701E24B48F00911358 /* Release */,
			);
			defaultConfigurationIsVisible = 0;
			defaultConfigurationName = Release;
		};
/* End XCConfigurationList section */
	};
	rootObject = 200F38551E24B48F00911358 /* Project object */;
}
